
Microsoft Visual Studio Solution File, Format Version 12.00
# Visual Studio 15
VisualStudioVersion = 15.0.26124.0
MinimumVisualStudioVersion = 15.0.26124.0
Project("{2150E333-8FDC-42A3-9474-1A3956D46DE8}") = "src", "src", "{5A798550-0234-4A1A-961E-9FB02DEF64B6}"
EndProject
Project("{FAE04EC0-301F-11D3-BF4B-00C04F79EFBC}") = "Business", "src\Business\Business.csproj", "{8B147E46-3F6B-4693-8714-99E94B3B0111}"
EndProject
Project("{2150E333-8FDC-42A3-9474-1A3956D46DE8}") = "test", "test", "{4DDDD92C-6FEF-4C6E-8CB6-9FD3CDCBCA34}"
EndProject
Project("{FAE04EC0-301F-11D3-BF4B-00C04F79EFBC}") = "Business.Test", "test\Business.Test\Business.Test.csproj", "{3A841969-0EF5-4E2C-A4FB-3138B9AA22F4}"
EndProject
Project("{FAE04EC0-301F-11D3-BF4B-00C04F79EFBC}") = "DataAccess", "src\DataAccess\DataAccess.csproj", "{DAA7B38C-01D9-4777-8E2D-7AA800A36358}"
EndProject
Project("{FAE04EC0-301F-11D3-BF4B-00C04F79EFBC}") = "DataAccess.Test", "test\DataAccess.Test\DataAccess.Test.csproj", "{5C06F30F-FA39-4D43-9EA4-45D4699EB73A}"
EndProject
Project("{FAE04EC0-301F-11D3-BF4B-00C04F79EFBC}") = "Tools.Test", "test\Tools.Test\Tools.Test.csproj", "{85B380A4-4C48-46DF-9AF8-D0634099A674}"
EndProject
Global
	GlobalSection(SolutionConfigurationPlatforms) = preSolution
		Debug|Any CPU = Debug|Any CPU
		Debug|x64 = Debug|x64
		Debug|x86 = Debug|x86
		Release|Any CPU = Release|Any CPU
		Release|x64 = Release|x64
		Release|x86 = Release|x86
	EndGlobalSection
	GlobalSection(SolutionProperties) = preSolution
		HideSolutionNode = FALSE
	EndGlobalSection
	GlobalSection(ProjectConfigurationPlatforms) = postSolution
		{8B147E46-3F6B-4693-8714-99E94B3B0111}.Debug|Any CPU.ActiveCfg = Debug|Any CPU
		{8B147E46-3F6B-4693-8714-99E94B3B0111}.Debug|Any CPU.Build.0 = Debug|Any CPU
		{8B147E46-3F6B-4693-8714-99E94B3B0111}.Debug|x64.ActiveCfg = Debug|Any CPU
		{8B147E46-3F6B-4693-8714-99E94B3B0111}.Debug|x64.Build.0 = Debug|Any CPU
		{8B147E46-3F6B-4693-8714-99E94B3B0111}.Debug|x86.ActiveCfg = Debug|Any CPU
		{8B147E46-3F6B-4693-8714-99E94B3B0111}.Debug|x86.Build.0 = Debug|Any CPU
		{8B147E46-3F6B-4693-8714-99E94B3B0111}.Release|Any CPU.ActiveCfg = Release|Any CPU
		{8B147E46-3F6B-4693-8714-99E94B3B0111}.Release|Any CPU.Build.0 = Release|Any CPU
		{8B147E46-3F6B-4693-8714-99E94B3B0111}.Release|x64.ActiveCfg = Release|Any CPU
		{8B147E46-3F6B-4693-8714-99E94B3B0111}.Release|x64.Build.0 = Release|Any CPU
		{8B147E46-3F6B-4693-8714-99E94B3B0111}.Release|x86.ActiveCfg = Release|Any CPU
		{8B147E46-3F6B-4693-8714-99E94B3B0111}.Release|x86.Build.0 = Release|Any CPU
		{3A841969-0EF5-4E2C-A4FB-3138B9AA22F4}.Debug|Any CPU.ActiveCfg = Debug|Any CPU
		{3A841969-0EF5-4E2C-A4FB-3138B9AA22F4}.Debug|Any CPU.Build.0 = Debug|Any CPU
		{3A841969-0EF5-4E2C-A4FB-3138B9AA22F4}.Debug|x64.ActiveCfg = Debug|Any CPU
		{3A841969-0EF5-4E2C-A4FB-3138B9AA22F4}.Debug|x64.Build.0 = Debug|Any CPU
		{3A841969-0EF5-4E2C-A4FB-3138B9AA22F4}.Debug|x86.ActiveCfg = Debug|Any CPU
		{3A841969-0EF5-4E2C-A4FB-3138B9AA22F4}.Debug|x86.Build.0 = Debug|Any CPU
		{3A841969-0EF5-4E2C-A4FB-3138B9AA22F4}.Release|Any CPU.ActiveCfg = Release|Any CPU
		{3A841969-0EF5-4E2C-A4FB-3138B9AA22F4}.Release|Any CPU.Build.0 = Release|Any CPU
		{3A841969-0EF5-4E2C-A4FB-3138B9AA22F4}.Release|x64.ActiveCfg = Release|Any CPU
		{3A841969-0EF5-4E2C-A4FB-3138B9AA22F4}.Release|x64.Build.0 = Release|Any CPU
		{3A841969-0EF5-4E2C-A4FB-3138B9AA22F4}.Release|x86.ActiveCfg = Release|Any CPU
		{3A841969-0EF5-4E2C-A4FB-3138B9AA22F4}.Release|x86.Build.0 = Release|Any CPU
		{DAA7B38C-01D9-4777-8E2D-7AA800A36358}.Debug|Any CPU.ActiveCfg = Debug|Any CPU
		{DAA7B38C-01D9-4777-8E2D-7AA800A36358}.Debug|Any CPU.Build.0 = Debug|Any CPU
		{DAA7B38C-01D9-4777-8E2D-7AA800A36358}.Debug|x64.ActiveCfg = Debug|Any CPU
		{DAA7B38C-01D9-4777-8E2D-7AA800A36358}.Debug|x64.Build.0 = Debug|Any CPU
		{DAA7B38C-01D9-4777-8E2D-7AA800A36358}.Debug|x86.ActiveCfg = Debug|Any CPU
		{DAA7B38C-01D9-4777-8E2D-7AA800A36358}.Debug|x86.Build.0 = Debug|Any CPU
		{DAA7B38C-01D9-4777-8E2D-7AA800A36358}.Release|Any CPU.ActiveCfg = Release|Any CPU
		{DAA7B38C-01D9-4777-8E2D-7AA800A36358}.Release|Any CPU.Build.0 = Release|Any CPU
		{DAA7B38C-01D9-4777-8E2D-7AA800A36358}.Release|x64.ActiveCfg = Release|Any CPU
		{DAA7B38C-01D9-4777-8E2D-7AA800A36358}.Release|x64.Build.0 = Release|Any CPU
		{DAA7B38C-01D9-4777-8E2D-7AA800A36358}.Release|x86.ActiveCfg = Release|Any CPU
		{DAA7B38C-01D9-4777-8E2D-7AA800A36358}.Release|x86.Build.0 = Release|Any CPU
		{5C06F30F-FA39-4D43-9EA4-45D4699EB73A}.Debug|Any CPU.ActiveCfg = Debug|Any CPU
		{5C06F30F-FA39-4D43-9EA4-45D4699EB73A}.Debug|Any CPU.Build.0 = Debug|Any CPU
		{5C06F30F-FA39-4D43-9EA4-45D4699EB73A}.Debug|x64.ActiveCfg = Debug|Any CPU
		{5C06F30F-FA39-4D43-9EA4-45D4699EB73A}.Debug|x64.Build.0 = Debug|Any CPU
		{5C06F30F-FA39-4D43-9EA4-45D4699EB73A}.Debug|x86.ActiveCfg = Debug|Any CPU
		{5C06F30F-FA39-4D43-9EA4-45D4699EB73A}.Debug|x86.Build.0 = Debug|Any CPU
		{5C06F30F-FA39-4D43-9EA4-45D4699EB73A}.Release|Any CPU.ActiveCfg = Release|Any CPU
		{5C06F30F-FA39-4D43-9EA4-45D4699EB73A}.Release|Any CPU.Build.0 = Release|Any CPU
		{5C06F30F-FA39-4D43-9EA4-45D4699EB73A}.Release|x64.ActiveCfg = Release|Any CPU
		{5C06F30F-FA39-4D43-9EA4-45D4699EB73A}.Release|x64.Build.0 = Release|Any CPU
		{5C06F30F-FA39-4D43-9EA4-45D4699EB73A}.Release|x86.ActiveCfg = Release|Any CPU
		{5C06F30F-FA39-4D43-9EA4-45D4699EB73A}.Release|x86.Build.0 = Release|Any CPU
		{85B380A4-4C48-46DF-9AF8-D0634099A674}.Debug|Any CPU.ActiveCfg = Debug|Any CPU
		{85B380A4-4C48-46DF-9AF8-D0634099A674}.Debug|Any CPU.Build.0 = Debug|Any CPU
		{85B380A4-4C48-46DF-9AF8-D0634099A674}.Debug|x64.ActiveCfg = Debug|Any CPU
		{85B380A4-4C48-46DF-9AF8-D0634099A674}.Debug|x64.Build.0 = Debug|Any CPU
		{85B380A4-4C48-46DF-9AF8-D0634099A674}.Debug|x86.ActiveCfg = Debug|Any CPU
		{85B380A4-4C48-46DF-9AF8-D0634099A674}.Debug|x86.Build.0 = Debug|Any CPU
		{85B380A4-4C48-46DF-9AF8-D0634099A674}.Release|Any CPU.ActiveCfg = Release|Any CPU
		{85B380A4-4C48-46DF-9AF8-D0634099A674}.Release|Any CPU.Build.0 = Release|Any CPU
		{85B380A4-4C48-46DF-9AF8-D0634099A674}.Release|x64.ActiveCfg = Release|Any CPU
		{85B380A4-4C48-46DF-9AF8-D0634099A674}.Release|x64.Build.0 = Release|Any CPU
		{85B380A4-4C48-46DF-9AF8-D0634099A674}.Release|x86.ActiveCfg = Release|Any CPU
		{85B380A4-4C48-46DF-9AF8-D0634099A674}.Release|x86.Build.0 = Release|Any CPU
	EndGlobalSection
	GlobalSection(NestedProjects) = preSolution
		{8B147E46-3F6B-4693-8714-99E94B3B0111} = {5A798550-0234-4A1A-961E-9FB02DEF64B6}
		{3A841969-0EF5-4E2C-A4FB-3138B9AA22F4} = {4DDDD92C-6FEF-4C6E-8CB6-9FD3CDCBCA34}
		{DAA7B38C-01D9-4777-8E2D-7AA800A36358} = {5A798550-0234-4A1A-961E-9FB02DEF64B6}
		{5C06F30F-FA39-4D43-9EA4-45D4699EB73A} = {4DDDD92C-6FEF-4C6E-8CB6-9FD3CDCBCA34}
		{85B380A4-4C48-46DF-9AF8-D0634099A674} = {4DDDD92C-6FEF-4C6E-8CB6-9FD3CDCBCA34}
	EndGlobalSection
EndGlobal
