
Microsoft Visual Studio Solution File, Format Version 12.00
# Visual Studio 15
VisualStudioVersion = 15.0.26124.0
MinimumVisualStudioVersion = 15.0.26124.0
Project("{2150E333-8FDC-42A3-9474-1A3956D46DE8}") = "src", "src", "{B51C921E-C553-49E6-BB69-F0752BCB9B91}"
EndProject
Project("{2150E333-8FDC-42A3-9474-1A3956D46DE8}") = "test", "test", "{5325C551-BDC2-45CF-BEAB-0DADF305BB40}"
EndProject
Project("{FAE04EC0-301F-11D3-BF4B-00C04F79EFBC}") = "Business", "src\Business\Business.csproj", "{950667FD-65B2-471A-8358-0604471BA174}"
EndProject
Project("{FAE04EC0-301F-11D3-BF4B-00C04F79EFBC}") = "Tools", "src\Tools\Tools.csproj", "{332636EB-DE2C-4E3F-A505-69631047E2E3}"
EndProject
Project("{FAE04EC0-301F-11D3-BF4B-00C04F79EFBC}") = "Business.Test", "test\Business.Test\Business.Test.csproj", "{17CE0FC9-5727-4ACA-BE37-E854BBE707CC}"
EndProject
Project("{FAE04EC0-301F-11D3-BF4B-00C04F79EFBC}") = "Service", "src\Service\Service.csproj", "{874F213A-3B72-4165-84A9-333665131CA4}"
EndProject
Project("{FAE04EC0-301F-11D3-BF4B-00C04F79EFBC}") = "DataAccess", "src\DataAccess\DataAccess.csproj", "{BF161D9F-AF72-4FE0-B531-B9887B499442}"
EndProject
Project("{FAE04EC0-301F-11D3-BF4B-00C04F79EFBC}") = "DataAccess.Dataloader", "src\DataAccess.Dataloader\DataAccess.Dataloader.csproj", "{E8F05E20-B755-46B7-B66E-814CBF382D59}"
EndProject
Project("{FAE04EC0-301F-11D3-BF4B-00C04F79EFBC}") = "DataAccess.Migrator", "src\DataAccess.Migrator\DataAccess.Migrator.csproj", "{EC97465B-082B-456B-B955-AE06AABF67A7}"
EndProject
Project("{FAE04EC0-301F-11D3-BF4B-00C04F79EFBC}") = "DataAccess.Test", "test\DataAccess.Test\DataAccess.Test.csproj", "{43574EA5-CB8C-4FCD-A626-F61629F69AD2}"
EndProject
Project("{FAE04EC0-301F-11D3-BF4B-00C04F79EFBC}") = "Repository", "src\Repository\Repository.csproj", "{A5963692-FE79-411E-AC97-BB9CC112C3A2}"
EndProject
Global
	GlobalSection(SolutionConfigurationPlatforms) = preSolution
		Debug|Any CPU = Debug|Any CPU
		Debug|x64 = Debug|x64
		Debug|x86 = Debug|x86
		Release|Any CPU = Release|Any CPU
		Release|x64 = Release|x64
		Release|x86 = Release|x86
	EndGlobalSection
	GlobalSection(SolutionProperties) = preSolution
		HideSolutionNode = FALSE
	EndGlobalSection
	GlobalSection(ProjectConfigurationPlatforms) = postSolution
		{950667FD-65B2-471A-8358-0604471BA174}.Debug|Any CPU.ActiveCfg = Debug|Any CPU
		{950667FD-65B2-471A-8358-0604471BA174}.Debug|Any CPU.Build.0 = Debug|Any CPU
		{950667FD-65B2-471A-8358-0604471BA174}.Debug|x64.ActiveCfg = Debug|x64
		{950667FD-65B2-471A-8358-0604471BA174}.Debug|x64.Build.0 = Debug|x64
		{950667FD-65B2-471A-8358-0604471BA174}.Debug|x86.ActiveCfg = Debug|x86
		{950667FD-65B2-471A-8358-0604471BA174}.Debug|x86.Build.0 = Debug|x86
		{950667FD-65B2-471A-8358-0604471BA174}.Release|Any CPU.ActiveCfg = Release|Any CPU
		{950667FD-65B2-471A-8358-0604471BA174}.Release|Any CPU.Build.0 = Release|Any CPU
		{950667FD-65B2-471A-8358-0604471BA174}.Release|x64.ActiveCfg = Release|x64
		{950667FD-65B2-471A-8358-0604471BA174}.Release|x64.Build.0 = Release|x64
		{950667FD-65B2-471A-8358-0604471BA174}.Release|x86.ActiveCfg = Release|x86
		{950667FD-65B2-471A-8358-0604471BA174}.Release|x86.Build.0 = Release|x86
		{332636EB-DE2C-4E3F-A505-69631047E2E3}.Debug|Any CPU.ActiveCfg = Debug|Any CPU
		{332636EB-DE2C-4E3F-A505-69631047E2E3}.Debug|Any CPU.Build.0 = Debug|Any CPU
		{332636EB-DE2C-4E3F-A505-69631047E2E3}.Debug|x64.ActiveCfg = Debug|x64
		{332636EB-DE2C-4E3F-A505-69631047E2E3}.Debug|x64.Build.0 = Debug|x64
		{332636EB-DE2C-4E3F-A505-69631047E2E3}.Debug|x86.ActiveCfg = Debug|x86
		{332636EB-DE2C-4E3F-A505-69631047E2E3}.Debug|x86.Build.0 = Debug|x86
		{332636EB-DE2C-4E3F-A505-69631047E2E3}.Release|Any CPU.ActiveCfg = Release|Any CPU
		{332636EB-DE2C-4E3F-A505-69631047E2E3}.Release|Any CPU.Build.0 = Release|Any CPU
		{332636EB-DE2C-4E3F-A505-69631047E2E3}.Release|x64.ActiveCfg = Release|x64
		{332636EB-DE2C-4E3F-A505-69631047E2E3}.Release|x64.Build.0 = Release|x64
		{332636EB-DE2C-4E3F-A505-69631047E2E3}.Release|x86.ActiveCfg = Release|x86
		{332636EB-DE2C-4E3F-A505-69631047E2E3}.Release|x86.Build.0 = Release|x86
		{17CE0FC9-5727-4ACA-BE37-E854BBE707CC}.Debug|Any CPU.ActiveCfg = Debug|Any CPU
		{17CE0FC9-5727-4ACA-BE37-E854BBE707CC}.Debug|Any CPU.Build.0 = Debug|Any CPU
		{17CE0FC9-5727-4ACA-BE37-E854BBE707CC}.Debug|x64.ActiveCfg = Debug|x64
		{17CE0FC9-5727-4ACA-BE37-E854BBE707CC}.Debug|x64.Build.0 = Debug|x64
		{17CE0FC9-5727-4ACA-BE37-E854BBE707CC}.Debug|x86.ActiveCfg = Debug|x86
		{17CE0FC9-5727-4ACA-BE37-E854BBE707CC}.Debug|x86.Build.0 = Debug|x86
		{17CE0FC9-5727-4ACA-BE37-E854BBE707CC}.Release|Any CPU.ActiveCfg = Release|Any CPU
		{17CE0FC9-5727-4ACA-BE37-E854BBE707CC}.Release|Any CPU.Build.0 = Release|Any CPU
		{17CE0FC9-5727-4ACA-BE37-E854BBE707CC}.Release|x64.ActiveCfg = Release|x64
		{17CE0FC9-5727-4ACA-BE37-E854BBE707CC}.Release|x64.Build.0 = Release|x64
		{17CE0FC9-5727-4ACA-BE37-E854BBE707CC}.Release|x86.ActiveCfg = Release|x86
		{17CE0FC9-5727-4ACA-BE37-E854BBE707CC}.Release|x86.Build.0 = Release|x86
		{874F213A-3B72-4165-84A9-333665131CA4}.Debug|Any CPU.ActiveCfg = Debug|Any CPU
		{874F213A-3B72-4165-84A9-333665131CA4}.Debug|Any CPU.Build.0 = Debug|Any CPU
		{874F213A-3B72-4165-84A9-333665131CA4}.Debug|x64.ActiveCfg = Debug|x64
		{874F213A-3B72-4165-84A9-333665131CA4}.Debug|x64.Build.0 = Debug|x64
		{874F213A-3B72-4165-84A9-333665131CA4}.Debug|x86.ActiveCfg = Debug|x86
		{874F213A-3B72-4165-84A9-333665131CA4}.Debug|x86.Build.0 = Debug|x86
		{874F213A-3B72-4165-84A9-333665131CA4}.Release|Any CPU.ActiveCfg = Release|Any CPU
		{874F213A-3B72-4165-84A9-333665131CA4}.Release|Any CPU.Build.0 = Release|Any CPU
		{874F213A-3B72-4165-84A9-333665131CA4}.Release|x64.ActiveCfg = Release|x64
		{874F213A-3B72-4165-84A9-333665131CA4}.Release|x64.Build.0 = Release|x64
		{874F213A-3B72-4165-84A9-333665131CA4}.Release|x86.ActiveCfg = Release|x86
		{874F213A-3B72-4165-84A9-333665131CA4}.Release|x86.Build.0 = Release|x86
		{BF161D9F-AF72-4FE0-B531-B9887B499442}.Debug|Any CPU.ActiveCfg = Debug|Any CPU
		{BF161D9F-AF72-4FE0-B531-B9887B499442}.Debug|Any CPU.Build.0 = Debug|Any CPU
		{BF161D9F-AF72-4FE0-B531-B9887B499442}.Debug|x64.ActiveCfg = Debug|x64
		{BF161D9F-AF72-4FE0-B531-B9887B499442}.Debug|x64.Build.0 = Debug|x64
		{BF161D9F-AF72-4FE0-B531-B9887B499442}.Debug|x86.ActiveCfg = Debug|x86
		{BF161D9F-AF72-4FE0-B531-B9887B499442}.Debug|x86.Build.0 = Debug|x86
		{BF161D9F-AF72-4FE0-B531-B9887B499442}.Release|Any CPU.ActiveCfg = Release|Any CPU
		{BF161D9F-AF72-4FE0-B531-B9887B499442}.Release|Any CPU.Build.0 = Release|Any CPU
		{BF161D9F-AF72-4FE0-B531-B9887B499442}.Release|x64.ActiveCfg = Release|x64
		{BF161D9F-AF72-4FE0-B531-B9887B499442}.Release|x64.Build.0 = Release|x64
		{BF161D9F-AF72-4FE0-B531-B9887B499442}.Release|x86.ActiveCfg = Release|x86
		{BF161D9F-AF72-4FE0-B531-B9887B499442}.Release|x86.Build.0 = Release|x86
		{E8F05E20-B755-46B7-B66E-814CBF382D59}.Debug|Any CPU.ActiveCfg = Debug|Any CPU
		{E8F05E20-B755-46B7-B66E-814CBF382D59}.Debug|Any CPU.Build.0 = Debug|Any CPU
		{E8F05E20-B755-46B7-B66E-814CBF382D59}.Debug|x64.ActiveCfg = Debug|x64
		{E8F05E20-B755-46B7-B66E-814CBF382D59}.Debug|x64.Build.0 = Debug|x64
		{E8F05E20-B755-46B7-B66E-814CBF382D59}.Debug|x86.ActiveCfg = Debug|x86
		{E8F05E20-B755-46B7-B66E-814CBF382D59}.Debug|x86.Build.0 = Debug|x86
		{E8F05E20-B755-46B7-B66E-814CBF382D59}.Release|Any CPU.ActiveCfg = Release|Any CPU
		{E8F05E20-B755-46B7-B66E-814CBF382D59}.Release|Any CPU.Build.0 = Release|Any CPU
		{E8F05E20-B755-46B7-B66E-814CBF382D59}.Release|x64.ActiveCfg = Release|x64
		{E8F05E20-B755-46B7-B66E-814CBF382D59}.Release|x64.Build.0 = Release|x64
		{E8F05E20-B755-46B7-B66E-814CBF382D59}.Release|x86.ActiveCfg = Release|x86
		{E8F05E20-B755-46B7-B66E-814CBF382D59}.Release|x86.Build.0 = Release|x86
		{EC97465B-082B-456B-B955-AE06AABF67A7}.Debug|Any CPU.ActiveCfg = Debug|Any CPU
		{EC97465B-082B-456B-B955-AE06AABF67A7}.Debug|Any CPU.Build.0 = Debug|Any CPU
		{EC97465B-082B-456B-B955-AE06AABF67A7}.Debug|x64.ActiveCfg = Debug|x64
		{EC97465B-082B-456B-B955-AE06AABF67A7}.Debug|x64.Build.0 = Debug|x64
		{EC97465B-082B-456B-B955-AE06AABF67A7}.Debug|x86.ActiveCfg = Debug|x86
		{EC97465B-082B-456B-B955-AE06AABF67A7}.Debug|x86.Build.0 = Debug|x86
		{EC97465B-082B-456B-B955-AE06AABF67A7}.Release|Any CPU.ActiveCfg = Release|Any CPU
		{EC97465B-082B-456B-B955-AE06AABF67A7}.Release|Any CPU.Build.0 = Release|Any CPU
		{EC97465B-082B-456B-B955-AE06AABF67A7}.Release|x64.ActiveCfg = Release|x64
		{EC97465B-082B-456B-B955-AE06AABF67A7}.Release|x64.Build.0 = Release|x64
		{EC97465B-082B-456B-B955-AE06AABF67A7}.Release|x86.ActiveCfg = Release|x86
		{EC97465B-082B-456B-B955-AE06AABF67A7}.Release|x86.Build.0 = Release|x86
		{43574EA5-CB8C-4FCD-A626-F61629F69AD2}.Debug|Any CPU.ActiveCfg = Debug|Any CPU
		{43574EA5-CB8C-4FCD-A626-F61629F69AD2}.Debug|Any CPU.Build.0 = Debug|Any CPU
		{43574EA5-CB8C-4FCD-A626-F61629F69AD2}.Debug|x64.ActiveCfg = Debug|x64
		{43574EA5-CB8C-4FCD-A626-F61629F69AD2}.Debug|x64.Build.0 = Debug|x64
		{43574EA5-CB8C-4FCD-A626-F61629F69AD2}.Debug|x86.ActiveCfg = Debug|x86
		{43574EA5-CB8C-4FCD-A626-F61629F69AD2}.Debug|x86.Build.0 = Debug|x86
		{43574EA5-CB8C-4FCD-A626-F61629F69AD2}.Release|Any CPU.ActiveCfg = Release|Any CPU
		{43574EA5-CB8C-4FCD-A626-F61629F69AD2}.Release|Any CPU.Build.0 = Release|Any CPU
		{43574EA5-CB8C-4FCD-A626-F61629F69AD2}.Release|x64.ActiveCfg = Release|x64
		{43574EA5-CB8C-4FCD-A626-F61629F69AD2}.Release|x64.Build.0 = Release|x64
		{43574EA5-CB8C-4FCD-A626-F61629F69AD2}.Release|x86.ActiveCfg = Release|x86
		{43574EA5-CB8C-4FCD-A626-F61629F69AD2}.Release|x86.Build.0 = Release|x86
		{A5963692-FE79-411E-AC97-BB9CC112C3A2}.Debug|Any CPU.ActiveCfg = Debug|Any CPU
		{A5963692-FE79-411E-AC97-BB9CC112C3A2}.Debug|Any CPU.Build.0 = Debug|Any CPU
		{A5963692-FE79-411E-AC97-BB9CC112C3A2}.Debug|x64.ActiveCfg = Debug|x64
		{A5963692-FE79-411E-AC97-BB9CC112C3A2}.Debug|x64.Build.0 = Debug|x64
		{A5963692-FE79-411E-AC97-BB9CC112C3A2}.Debug|x86.ActiveCfg = Debug|x86
		{A5963692-FE79-411E-AC97-BB9CC112C3A2}.Debug|x86.Build.0 = Debug|x86
		{A5963692-FE79-411E-AC97-BB9CC112C3A2}.Release|Any CPU.ActiveCfg = Release|Any CPU
		{A5963692-FE79-411E-AC97-BB9CC112C3A2}.Release|Any CPU.Build.0 = Release|Any CPU
		{A5963692-FE79-411E-AC97-BB9CC112C3A2}.Release|x64.ActiveCfg = Release|x64
		{A5963692-FE79-411E-AC97-BB9CC112C3A2}.Release|x64.Build.0 = Release|x64
		{A5963692-FE79-411E-AC97-BB9CC112C3A2}.Release|x86.ActiveCfg = Release|x86
		{A5963692-FE79-411E-AC97-BB9CC112C3A2}.Release|x86.Build.0 = Release|x86
	EndGlobalSection
	GlobalSection(NestedProjects) = preSolution
		{950667FD-65B2-471A-8358-0604471BA174} = {B51C921E-C553-49E6-BB69-F0752BCB9B91}
		{332636EB-DE2C-4E3F-A505-69631047E2E3} = {B51C921E-C553-49E6-BB69-F0752BCB9B91}
		{17CE0FC9-5727-4ACA-BE37-E854BBE707CC} = {5325C551-BDC2-45CF-BEAB-0DADF305BB40}
		{874F213A-3B72-4165-84A9-333665131CA4} = {B51C921E-C553-49E6-BB69-F0752BCB9B91}
		{BF161D9F-AF72-4FE0-B531-B9887B499442} = {B51C921E-C553-49E6-BB69-F0752BCB9B91}
		{E8F05E20-B755-46B7-B66E-814CBF382D59} = {B51C921E-C553-49E6-BB69-F0752BCB9B91}
		{EC97465B-082B-456B-B955-AE06AABF67A7} = {B51C921E-C553-49E6-BB69-F0752BCB9B91}
		{43574EA5-CB8C-4FCD-A626-F61629F69AD2} = {5325C551-BDC2-45CF-BEAB-0DADF305BB40}
		{A5963692-FE79-411E-AC97-BB9CC112C3A2} = {B51C921E-C553-49E6-BB69-F0752BCB9B91}
	EndGlobalSection
EndGlobal
