
Microsoft Visual Studio Solution File, Format Version 12.00
# Visual Studio 15
VisualStudioVersion = 15.0.26124.0
MinimumVisualStudioVersion = 15.0.26124.0
Project("{2150E333-8FDC-42A3-9474-1A3956D46DE8}") = "src", "src", "{B51C921E-C553-49E6-BB69-F0752BCB9B91}"
EndProject
Project("{FAE04EC0-301F-11D3-BF4B-00C04F79EFBC}") = "Repository", "src\Repository\Repository.csproj", "{CA3A2880-7397-4D71-91E2-66AF2C8C4700}"
EndProject
Project("{FAE04EC0-301F-11D3-BF4B-00C04F79EFBC}") = "Repository.Migrator", "src\Repository.Migrator\Repository.Migrator.csproj", "{D6F2EDCA-E4A8-4914-8E8D-0B9023C4E878}"
EndProject
Project("{2150E333-8FDC-42A3-9474-1A3956D46DE8}") = "test", "test", "{5325C551-BDC2-45CF-BEAB-0DADF305BB40}"
EndProject
Project("{FAE04EC0-301F-11D3-BF4B-00C04F79EFBC}") = "DataAccess.Test", "test\DataAccess.Test\DataAccess.Test.csproj", "{87D397A1-EDF6-4AC4-9192-2596BBB2D899}"
EndProject
Project("{FAE04EC0-301F-11D3-BF4B-00C04F79EFBC}") = "Business", "src\Business\Business.csproj", "{950667FD-65B2-471A-8358-0604471BA174}"
EndProject
Project("{FAE04EC0-301F-11D3-BF4B-00C04F79EFBC}") = "Tools", "src\Tools\Tools.csproj", "{332636EB-DE2C-4E3F-A505-69631047E2E3}"
EndProject
Project("{FAE04EC0-301F-11D3-BF4B-00C04F79EFBC}") = "Business.Test", "test\Business.Test\Business.Test.csproj", "{17CE0FC9-5727-4ACA-BE37-E854BBE707CC}"
EndProject
Project("{FAE04EC0-301F-11D3-BF4B-00C04F79EFBC}") = "Service", "src\Service\Service.csproj", "{874F213A-3B72-4165-84A9-333665131CA4}"
EndProject
Project("{FAE04EC0-301F-11D3-BF4B-00C04F79EFBC}") = "Repository.Dataloader", "src\Repository.Dataloader\Repository.Dataloader.csproj", "{42C42052-72FF-423B-B74E-8D88918EAC02}"
EndProject
Global
	GlobalSection(SolutionConfigurationPlatforms) = preSolution
		Debug|Any CPU = Debug|Any CPU
		Debug|x64 = Debug|x64
		Debug|x86 = Debug|x86
		Release|Any CPU = Release|Any CPU
		Release|x64 = Release|x64
		Release|x86 = Release|x86
	EndGlobalSection
	GlobalSection(SolutionProperties) = preSolution
		HideSolutionNode = FALSE
	EndGlobalSection
	GlobalSection(ProjectConfigurationPlatforms) = postSolution
		{CA3A2880-7397-4D71-91E2-66AF2C8C4700}.Debug|Any CPU.ActiveCfg = Debug|Any CPU
		{CA3A2880-7397-4D71-91E2-66AF2C8C4700}.Debug|Any CPU.Build.0 = Debug|Any CPU
		{CA3A2880-7397-4D71-91E2-66AF2C8C4700}.Debug|x64.ActiveCfg = Debug|x64
		{CA3A2880-7397-4D71-91E2-66AF2C8C4700}.Debug|x64.Build.0 = Debug|x64
		{CA3A2880-7397-4D71-91E2-66AF2C8C4700}.Debug|x86.ActiveCfg = Debug|x86
		{CA3A2880-7397-4D71-91E2-66AF2C8C4700}.Debug|x86.Build.0 = Debug|x86
		{CA3A2880-7397-4D71-91E2-66AF2C8C4700}.Release|Any CPU.ActiveCfg = Release|Any CPU
		{CA3A2880-7397-4D71-91E2-66AF2C8C4700}.Release|Any CPU.Build.0 = Release|Any CPU
		{CA3A2880-7397-4D71-91E2-66AF2C8C4700}.Release|x64.ActiveCfg = Release|x64
		{CA3A2880-7397-4D71-91E2-66AF2C8C4700}.Release|x64.Build.0 = Release|x64
		{CA3A2880-7397-4D71-91E2-66AF2C8C4700}.Release|x86.ActiveCfg = Release|x86
		{CA3A2880-7397-4D71-91E2-66AF2C8C4700}.Release|x86.Build.0 = Release|x86
		{D6F2EDCA-E4A8-4914-8E8D-0B9023C4E878}.Debug|Any CPU.ActiveCfg = Debug|Any CPU
		{D6F2EDCA-E4A8-4914-8E8D-0B9023C4E878}.Debug|Any CPU.Build.0 = Debug|Any CPU
		{D6F2EDCA-E4A8-4914-8E8D-0B9023C4E878}.Debug|x64.ActiveCfg = Debug|x64
		{D6F2EDCA-E4A8-4914-8E8D-0B9023C4E878}.Debug|x64.Build.0 = Debug|x64
		{D6F2EDCA-E4A8-4914-8E8D-0B9023C4E878}.Debug|x86.ActiveCfg = Debug|x86
		{D6F2EDCA-E4A8-4914-8E8D-0B9023C4E878}.Debug|x86.Build.0 = Debug|x86
		{D6F2EDCA-E4A8-4914-8E8D-0B9023C4E878}.Release|Any CPU.ActiveCfg = Release|Any CPU
		{D6F2EDCA-E4A8-4914-8E8D-0B9023C4E878}.Release|Any CPU.Build.0 = Release|Any CPU
		{D6F2EDCA-E4A8-4914-8E8D-0B9023C4E878}.Release|x64.ActiveCfg = Release|x64
		{D6F2EDCA-E4A8-4914-8E8D-0B9023C4E878}.Release|x64.Build.0 = Release|x64
		{D6F2EDCA-E4A8-4914-8E8D-0B9023C4E878}.Release|x86.ActiveCfg = Release|x86
		{D6F2EDCA-E4A8-4914-8E8D-0B9023C4E878}.Release|x86.Build.0 = Release|x86
		{87D397A1-EDF6-4AC4-9192-2596BBB2D899}.Debug|Any CPU.ActiveCfg = Debug|Any CPU
		{87D397A1-EDF6-4AC4-9192-2596BBB2D899}.Debug|Any CPU.Build.0 = Debug|Any CPU
		{87D397A1-EDF6-4AC4-9192-2596BBB2D899}.Debug|x64.ActiveCfg = Debug|x64
		{87D397A1-EDF6-4AC4-9192-2596BBB2D899}.Debug|x64.Build.0 = Debug|x64
		{87D397A1-EDF6-4AC4-9192-2596BBB2D899}.Debug|x86.ActiveCfg = Debug|x86
		{87D397A1-EDF6-4AC4-9192-2596BBB2D899}.Debug|x86.Build.0 = Debug|x86
		{87D397A1-EDF6-4AC4-9192-2596BBB2D899}.Release|Any CPU.ActiveCfg = Release|Any CPU
		{87D397A1-EDF6-4AC4-9192-2596BBB2D899}.Release|Any CPU.Build.0 = Release|Any CPU
		{87D397A1-EDF6-4AC4-9192-2596BBB2D899}.Release|x64.ActiveCfg = Release|x64
		{87D397A1-EDF6-4AC4-9192-2596BBB2D899}.Release|x64.Build.0 = Release|x64
		{87D397A1-EDF6-4AC4-9192-2596BBB2D899}.Release|x86.ActiveCfg = Release|x86
		{87D397A1-EDF6-4AC4-9192-2596BBB2D899}.Release|x86.Build.0 = Release|x86
		{950667FD-65B2-471A-8358-0604471BA174}.Debug|Any CPU.ActiveCfg = Debug|Any CPU
		{950667FD-65B2-471A-8358-0604471BA174}.Debug|Any CPU.Build.0 = Debug|Any CPU
		{950667FD-65B2-471A-8358-0604471BA174}.Debug|x64.ActiveCfg = Debug|x64
		{950667FD-65B2-471A-8358-0604471BA174}.Debug|x64.Build.0 = Debug|x64
		{950667FD-65B2-471A-8358-0604471BA174}.Debug|x86.ActiveCfg = Debug|x86
		{950667FD-65B2-471A-8358-0604471BA174}.Debug|x86.Build.0 = Debug|x86
		{950667FD-65B2-471A-8358-0604471BA174}.Release|Any CPU.ActiveCfg = Release|Any CPU
		{950667FD-65B2-471A-8358-0604471BA174}.Release|Any CPU.Build.0 = Release|Any CPU
		{950667FD-65B2-471A-8358-0604471BA174}.Release|x64.ActiveCfg = Release|x64
		{950667FD-65B2-471A-8358-0604471BA174}.Release|x64.Build.0 = Release|x64
		{950667FD-65B2-471A-8358-0604471BA174}.Release|x86.ActiveCfg = Release|x86
		{950667FD-65B2-471A-8358-0604471BA174}.Release|x86.Build.0 = Release|x86
		{332636EB-DE2C-4E3F-A505-69631047E2E3}.Debug|Any CPU.ActiveCfg = Debug|Any CPU
		{332636EB-DE2C-4E3F-A505-69631047E2E3}.Debug|Any CPU.Build.0 = Debug|Any CPU
		{332636EB-DE2C-4E3F-A505-69631047E2E3}.Debug|x64.ActiveCfg = Debug|x64
		{332636EB-DE2C-4E3F-A505-69631047E2E3}.Debug|x64.Build.0 = Debug|x64
		{332636EB-DE2C-4E3F-A505-69631047E2E3}.Debug|x86.ActiveCfg = Debug|x86
		{332636EB-DE2C-4E3F-A505-69631047E2E3}.Debug|x86.Build.0 = Debug|x86
		{332636EB-DE2C-4E3F-A505-69631047E2E3}.Release|Any CPU.ActiveCfg = Release|Any CPU
		{332636EB-DE2C-4E3F-A505-69631047E2E3}.Release|Any CPU.Build.0 = Release|Any CPU
		{332636EB-DE2C-4E3F-A505-69631047E2E3}.Release|x64.ActiveCfg = Release|x64
		{332636EB-DE2C-4E3F-A505-69631047E2E3}.Release|x64.Build.0 = Release|x64
		{332636EB-DE2C-4E3F-A505-69631047E2E3}.Release|x86.ActiveCfg = Release|x86
		{332636EB-DE2C-4E3F-A505-69631047E2E3}.Release|x86.Build.0 = Release|x86
		{17CE0FC9-5727-4ACA-BE37-E854BBE707CC}.Debug|Any CPU.ActiveCfg = Debug|Any CPU
		{17CE0FC9-5727-4ACA-BE37-E854BBE707CC}.Debug|Any CPU.Build.0 = Debug|Any CPU
		{17CE0FC9-5727-4ACA-BE37-E854BBE707CC}.Debug|x64.ActiveCfg = Debug|x64
		{17CE0FC9-5727-4ACA-BE37-E854BBE707CC}.Debug|x64.Build.0 = Debug|x64
		{17CE0FC9-5727-4ACA-BE37-E854BBE707CC}.Debug|x86.ActiveCfg = Debug|x86
		{17CE0FC9-5727-4ACA-BE37-E854BBE707CC}.Debug|x86.Build.0 = Debug|x86
		{17CE0FC9-5727-4ACA-BE37-E854BBE707CC}.Release|Any CPU.ActiveCfg = Release|Any CPU
		{17CE0FC9-5727-4ACA-BE37-E854BBE707CC}.Release|Any CPU.Build.0 = Release|Any CPU
		{17CE0FC9-5727-4ACA-BE37-E854BBE707CC}.Release|x64.ActiveCfg = Release|x64
		{17CE0FC9-5727-4ACA-BE37-E854BBE707CC}.Release|x64.Build.0 = Release|x64
		{17CE0FC9-5727-4ACA-BE37-E854BBE707CC}.Release|x86.ActiveCfg = Release|x86
		{17CE0FC9-5727-4ACA-BE37-E854BBE707CC}.Release|x86.Build.0 = Release|x86
		{874F213A-3B72-4165-84A9-333665131CA4}.Debug|Any CPU.ActiveCfg = Debug|Any CPU
		{874F213A-3B72-4165-84A9-333665131CA4}.Debug|Any CPU.Build.0 = Debug|Any CPU
		{874F213A-3B72-4165-84A9-333665131CA4}.Debug|x64.ActiveCfg = Debug|x64
		{874F213A-3B72-4165-84A9-333665131CA4}.Debug|x64.Build.0 = Debug|x64
		{874F213A-3B72-4165-84A9-333665131CA4}.Debug|x86.ActiveCfg = Debug|x86
		{874F213A-3B72-4165-84A9-333665131CA4}.Debug|x86.Build.0 = Debug|x86
		{874F213A-3B72-4165-84A9-333665131CA4}.Release|Any CPU.ActiveCfg = Release|Any CPU
		{874F213A-3B72-4165-84A9-333665131CA4}.Release|Any CPU.Build.0 = Release|Any CPU
		{874F213A-3B72-4165-84A9-333665131CA4}.Release|x64.ActiveCfg = Release|x64
		{874F213A-3B72-4165-84A9-333665131CA4}.Release|x64.Build.0 = Release|x64
		{874F213A-3B72-4165-84A9-333665131CA4}.Release|x86.ActiveCfg = Release|x86
		{874F213A-3B72-4165-84A9-333665131CA4}.Release|x86.Build.0 = Release|x86
		{42C42052-72FF-423B-B74E-8D88918EAC02}.Debug|Any CPU.ActiveCfg = Debug|Any CPU
		{42C42052-72FF-423B-B74E-8D88918EAC02}.Debug|Any CPU.Build.0 = Debug|Any CPU
		{42C42052-72FF-423B-B74E-8D88918EAC02}.Debug|x64.ActiveCfg = Debug|x64
		{42C42052-72FF-423B-B74E-8D88918EAC02}.Debug|x64.Build.0 = Debug|x64
		{42C42052-72FF-423B-B74E-8D88918EAC02}.Debug|x86.ActiveCfg = Debug|x86
		{42C42052-72FF-423B-B74E-8D88918EAC02}.Debug|x86.Build.0 = Debug|x86
		{42C42052-72FF-423B-B74E-8D88918EAC02}.Release|Any CPU.ActiveCfg = Release|Any CPU
		{42C42052-72FF-423B-B74E-8D88918EAC02}.Release|Any CPU.Build.0 = Release|Any CPU
		{42C42052-72FF-423B-B74E-8D88918EAC02}.Release|x64.ActiveCfg = Release|x64
		{42C42052-72FF-423B-B74E-8D88918EAC02}.Release|x64.Build.0 = Release|x64
		{42C42052-72FF-423B-B74E-8D88918EAC02}.Release|x86.ActiveCfg = Release|x86
		{42C42052-72FF-423B-B74E-8D88918EAC02}.Release|x86.Build.0 = Release|x86
	EndGlobalSection
	GlobalSection(NestedProjects) = preSolution
		{CA3A2880-7397-4D71-91E2-66AF2C8C4700} = {B51C921E-C553-49E6-BB69-F0752BCB9B91}
		{D6F2EDCA-E4A8-4914-8E8D-0B9023C4E878} = {B51C921E-C553-49E6-BB69-F0752BCB9B91}
		{87D397A1-EDF6-4AC4-9192-2596BBB2D899} = {5325C551-BDC2-45CF-BEAB-0DADF305BB40}
		{950667FD-65B2-471A-8358-0604471BA174} = {B51C921E-C553-49E6-BB69-F0752BCB9B91}
		{332636EB-DE2C-4E3F-A505-69631047E2E3} = {B51C921E-C553-49E6-BB69-F0752BCB9B91}
		{17CE0FC9-5727-4ACA-BE37-E854BBE707CC} = {5325C551-BDC2-45CF-BEAB-0DADF305BB40}
		{874F213A-3B72-4165-84A9-333665131CA4} = {B51C921E-C553-49E6-BB69-F0752BCB9B91}
		{42C42052-72FF-423B-B74E-8D88918EAC02} = {B51C921E-C553-49E6-BB69-F0752BCB9B91}
	EndGlobalSection
EndGlobal
